// !$*UTF8*$!
{
	archiveVersion = 1;
	classes = {
	};
	objectVersion = 52;
	objects = {

/* Begin PBXBuildFile section */
		212432BF26A42580004238E6 /* Roboto-Medium.ttf in Resources */ = {isa = PBXBuildFile; fileRef = 212432B226A42580004238E6 /* Roboto-Medium.ttf */; };
		212432C026A42580004238E6 /* Roboto-Light.ttf in Resources */ = {isa = PBXBuildFile; fileRef = 212432B326A42580004238E6 /* Roboto-Light.ttf */; };
		212432C126A42580004238E6 /* Roboto-Regular.ttf in Resources */ = {isa = PBXBuildFile; fileRef = 212432B426A42580004238E6 /* Roboto-Regular.ttf */; };
		212432C226A42580004238E6 /* Roboto-MediumItalic.ttf in Resources */ = {isa = PBXBuildFile; fileRef = 212432B526A42580004238E6 /* Roboto-MediumItalic.ttf */; };
		212432C326A42580004238E6 /* Roboto-ThinItalic.ttf in Resources */ = {isa = PBXBuildFile; fileRef = 212432B626A42580004238E6 /* Roboto-ThinItalic.ttf */; };
		212432C426A42580004238E6 /* Roboto-BoldItalic.ttf in Resources */ = {isa = PBXBuildFile; fileRef = 212432B726A42580004238E6 /* Roboto-BoldItalic.ttf */; };
		212432C526A42580004238E6 /* Roboto-LightItalic.ttf in Resources */ = {isa = PBXBuildFile; fileRef = 212432B826A42580004238E6 /* Roboto-LightItalic.ttf */; };
		212432C626A42580004238E6 /* Roboto-Italic.ttf in Resources */ = {isa = PBXBuildFile; fileRef = 212432B926A42580004238E6 /* Roboto-Italic.ttf */; };
		212432C726A42580004238E6 /* LICENSE.txt in Resources */ = {isa = PBXBuildFile; fileRef = 212432BA26A42580004238E6 /* LICENSE.txt */; };
		212432C826A42580004238E6 /* Roboto-BlackItalic.ttf in Resources */ = {isa = PBXBuildFile; fileRef = 212432BB26A42580004238E6 /* Roboto-BlackItalic.ttf */; };
		212432C926A42580004238E6 /* Roboto-Bold.ttf in Resources */ = {isa = PBXBuildFile; fileRef = 212432BC26A42580004238E6 /* Roboto-Bold.ttf */; };
		212432CA26A42580004238E6 /* Roboto-Thin.ttf in Resources */ = {isa = PBXBuildFile; fileRef = 212432BD26A42580004238E6 /* Roboto-Thin.ttf */; };
		212432CB26A42580004238E6 /* Roboto-Black.ttf in Resources */ = {isa = PBXBuildFile; fileRef = 212432BE26A42580004238E6 /* Roboto-Black.ttf */; };
		213DE9BD26946A5700A54262 /* SoulMessageApp.swift in Sources */ = {isa = PBXBuildFile; fileRef = 213DE9BC26946A5700A54262 /* SoulMessageApp.swift */; };
		213DE9C126946A5800A54262 /* Assets.xcassets in Resources */ = {isa = PBXBuildFile; fileRef = 213DE9C026946A5800A54262 /* Assets.xcassets */; };
		213DE9C426946A5800A54262 /* Preview Assets.xcassets in Resources */ = {isa = PBXBuildFile; fileRef = 213DE9C326946A5800A54262 /* Preview Assets.xcassets */; };
		213DE9E826946E0600A54262 /* GoogleService-Info.plist in Resources */ = {isa = PBXBuildFile; fileRef = 213DE9E726946E0600A54262 /* GoogleService-Info.plist */; };
		213DE9F026946FDA00A54262 /* AuthenticationServices.swift in Sources */ = {isa = PBXBuildFile; fileRef = 213DE9EF26946FDA00A54262 /* AuthenticationServices.swift */; };
		213DE9F22694704100A54262 /* SignInView.swift in Sources */ = {isa = PBXBuildFile; fileRef = 213DE9F12694704100A54262 /* SignInView.swift */; };
		213DE9F42694709D00A54262 /* ProfileView.swift in Sources */ = {isa = PBXBuildFile; fileRef = 213DE9F32694709D00A54262 /* ProfileView.swift */; };
		213DE9F62694AC9500A54262 /* GeoMessage.swift in Sources */ = {isa = PBXBuildFile; fileRef = 213DE9F52694AC9500A54262 /* GeoMessage.swift */; };
		213DE9F82694AD4300A54262 /* RepositoryServices.swift in Sources */ = {isa = PBXBuildFile; fileRef = 213DE9F72694AD4300A54262 /* RepositoryServices.swift */; };
		2145630C2698301E001210F5 /* MessageAreaCalculator.swift in Sources */ = {isa = PBXBuildFile; fileRef = 21E20E3B2697605B00832118 /* MessageAreaCalculator.swift */; };
		2152FB4826A57E8A0003C188 /* AuthenticationTests.swift in Sources */ = {isa = PBXBuildFile; fileRef = 2152FB4726A57E8A0003C188 /* AuthenticationTests.swift */; };
		2152FB4A26A57F3C0003C188 /* AppState.swift in Sources */ = {isa = PBXBuildFile; fileRef = 2152FB4926A57F3C0003C188 /* AppState.swift */; };
		2152FB4C26A582010003C188 /* MockAuthenticationService.swift in Sources */ = {isa = PBXBuildFile; fileRef = 2152FB4B26A582010003C188 /* MockAuthenticationService.swift */; };
		2152FB4D26A5825B0003C188 /* AuthenticationServices.swift in Sources */ = {isa = PBXBuildFile; fileRef = 213DE9EF26946FDA00A54262 /* AuthenticationServices.swift */; };
		2152FB4F26A583F20003C188 /* AppState.swift in Sources */ = {isa = PBXBuildFile; fileRef = 2152FB4926A57F3C0003C188 /* AppState.swift */; };
		21760DF026A159FB00DFB4CF /* SignInViewController.swift in Sources */ = {isa = PBXBuildFile; fileRef = 21760DEF26A159FB00DFB4CF /* SignInViewController.swift */; };
		21760DF526A16CAD00DFB4CF /* MapView.swift in Sources */ = {isa = PBXBuildFile; fileRef = 21760DF426A16CAD00DFB4CF /* MapView.swift */; };
		21760DF826A1761D00DFB4CF /* GoogleMapsBase in Frameworks */ = {isa = PBXBuildFile; productRef = 21760DF726A1761D00DFB4CF /* GoogleMapsBase */; };
		21760DFA26A1761D00DFB4CF /* GooglePlaces in Frameworks */ = {isa = PBXBuildFile; productRef = 21760DF926A1761D00DFB4CF /* GooglePlaces */; };
		21760DFC26A1761D00DFB4CF /* GoogleMapsM4B in Frameworks */ = {isa = PBXBuildFile; productRef = 21760DFB26A1761D00DFB4CF /* GoogleMapsM4B */; };
		21760DFE26A1761D00DFB4CF /* GoogleMapsCore in Frameworks */ = {isa = PBXBuildFile; productRef = 21760DFD26A1761D00DFB4CF /* GoogleMapsCore */; };
		21760E0026A1761D00DFB4CF /* GoogleMaps in Frameworks */ = {isa = PBXBuildFile; productRef = 21760DFF26A1761D00DFB4CF /* GoogleMaps */; };
		21996CA9269613C50080AEEF /* GeoMessageRepository.swift in Sources */ = {isa = PBXBuildFile; fileRef = 21996CA8269613C50080AEEF /* GeoMessageRepository.swift */; };
		21996CAB269615E10080AEEF /* GeoMessageListViewModel.swift in Sources */ = {isa = PBXBuildFile; fileRef = 21996CAA269615E10080AEEF /* GeoMessageListViewModel.swift */; };
		21996CAD269617EF0080AEEF /* GeoMessageViewModel.swift in Sources */ = {isa = PBXBuildFile; fileRef = 21996CAC269617EF0080AEEF /* GeoMessageViewModel.swift */; };
		21996CAF26961A890080AEEF /* GeoMessageView.swift in Sources */ = {isa = PBXBuildFile; fileRef = 21996CAE26961A890080AEEF /* GeoMessageView.swift */; };
		21996CB12696234E0080AEEF /* FormView.swift in Sources */ = {isa = PBXBuildFile; fileRef = 21996CB02696234E0080AEEF /* FormView.swift */; };
		21996CB3269626B60080AEEF /* GeoMessageListView.swift in Sources */ = {isa = PBXBuildFile; fileRef = 21996CB2269626B60080AEEF /* GeoMessageListView.swift */; };
		21C7C1C526A03BE10048A11F /* GoogleSignIn in Frameworks */ = {isa = PBXBuildFile; productRef = 21C7C1C426A03BE10048A11F /* GoogleSignIn */; };
		21C7C1D226A0751D0048A11F /* GoogleAuth.swift in Sources */ = {isa = PBXBuildFile; fileRef = 21C7C1D126A0751D0048A11F /* GoogleAuth.swift */; };
		21C7C1D626A0A64D0048A11F /* CustomTabView.swift in Sources */ = {isa = PBXBuildFile; fileRef = 21C7C1D526A0A64D0048A11F /* CustomTabView.swift */; };
		21DF46B226A1E28600F9D98C /* SignOutViewController.swift in Sources */ = {isa = PBXBuildFile; fileRef = 21DF46B126A1E28600F9D98C /* SignOutViewController.swift */; };
		21DF46B526A1F76B00F9D98C /* FirebaseAuth in Frameworks */ = {isa = PBXBuildFile; productRef = 21DF46B426A1F76B00F9D98C /* FirebaseAuth */; };
		21DF46B726A1F76B00F9D98C /* FirebaseFirestore in Frameworks */ = {isa = PBXBuildFile; productRef = 21DF46B626A1F76B00F9D98C /* FirebaseFirestore */; };
		21DF46B926A1F76B00F9D98C /* FirebaseFirestoreSwift-Beta in Frameworks */ = {isa = PBXBuildFile; productRef = 21DF46B826A1F76B00F9D98C /* FirebaseFirestoreSwift-Beta */; };
		21E20DFD26970EBE00832118 /* LandingView.swift in Sources */ = {isa = PBXBuildFile; fileRef = 21E20DFC26970EBE00832118 /* LandingView.swift */; };
		21E20E37269727E200832118 /* AuthPublisher.swift in Sources */ = {isa = PBXBuildFile; fileRef = 21E20E36269727E200832118 /* AuthPublisher.swift */; };
		21E20E3A2697576200832118 /* TabStyle.swift in Sources */ = {isa = PBXBuildFile; fileRef = 21E20E392697576200832118 /* TabStyle.swift */; };
		21E20E3C2697605B00832118 /* MessageAreaCalculator.swift in Sources */ = {isa = PBXBuildFile; fileRef = 21E20E3B2697605B00832118 /* MessageAreaCalculator.swift */; };
		21E20E442697629900832118 /* SoulMessageTests.swift in Sources */ = {isa = PBXBuildFile; fileRef = 21E20E432697629900832118 /* SoulMessageTests.swift */; };
/* End PBXBuildFile section */

/* Begin PBXContainerItemProxy section */
		21D1C7C026A867F6001D9BDC /* PBXContainerItemProxy */ = {
			isa = PBXContainerItemProxy;
			containerPortal = 213DE9B126946A5700A54262 /* Project object */;
			proxyType = 1;
			remoteGlobalIDString = 213DE9B826946A5700A54262;
			remoteInfo = SoulMessage;
		};
/* End PBXContainerItemProxy section */

/* Begin PBXFileReference section */
		212432B226A42580004238E6 /* Roboto-Medium.ttf */ = {isa = PBXFileReference; lastKnownFileType = file; path = "Roboto-Medium.ttf"; sourceTree = "<group>"; };
		212432B326A42580004238E6 /* Roboto-Light.ttf */ = {isa = PBXFileReference; lastKnownFileType = file; path = "Roboto-Light.ttf"; sourceTree = "<group>"; };
		212432B426A42580004238E6 /* Roboto-Regular.ttf */ = {isa = PBXFileReference; lastKnownFileType = file; path = "Roboto-Regular.ttf"; sourceTree = "<group>"; };
		212432B526A42580004238E6 /* Roboto-MediumItalic.ttf */ = {isa = PBXFileReference; lastKnownFileType = file; path = "Roboto-MediumItalic.ttf"; sourceTree = "<group>"; };
		212432B626A42580004238E6 /* Roboto-ThinItalic.ttf */ = {isa = PBXFileReference; lastKnownFileType = file; path = "Roboto-ThinItalic.ttf"; sourceTree = "<group>"; };
		212432B726A42580004238E6 /* Roboto-BoldItalic.ttf */ = {isa = PBXFileReference; lastKnownFileType = file; path = "Roboto-BoldItalic.ttf"; sourceTree = "<group>"; };
		212432B826A42580004238E6 /* Roboto-LightItalic.ttf */ = {isa = PBXFileReference; lastKnownFileType = file; path = "Roboto-LightItalic.ttf"; sourceTree = "<group>"; };
		212432B926A42580004238E6 /* Roboto-Italic.ttf */ = {isa = PBXFileReference; lastKnownFileType = file; path = "Roboto-Italic.ttf"; sourceTree = "<group>"; };
		212432BA26A42580004238E6 /* LICENSE.txt */ = {isa = PBXFileReference; fileEncoding = 4; lastKnownFileType = text; path = LICENSE.txt; sourceTree = "<group>"; };
		212432BB26A42580004238E6 /* Roboto-BlackItalic.ttf */ = {isa = PBXFileReference; lastKnownFileType = file; path = "Roboto-BlackItalic.ttf"; sourceTree = "<group>"; };
		212432BC26A42580004238E6 /* Roboto-Bold.ttf */ = {isa = PBXFileReference; lastKnownFileType = file; path = "Roboto-Bold.ttf"; sourceTree = "<group>"; };
		212432BD26A42580004238E6 /* Roboto-Thin.ttf */ = {isa = PBXFileReference; lastKnownFileType = file; path = "Roboto-Thin.ttf"; sourceTree = "<group>"; };
		212432BE26A42580004238E6 /* Roboto-Black.ttf */ = {isa = PBXFileReference; lastKnownFileType = file; path = "Roboto-Black.ttf"; sourceTree = "<group>"; };
		213DE9B926946A5700A54262 /* SoulMessage.app */ = {isa = PBXFileReference; explicitFileType = wrapper.application; includeInIndex = 0; path = SoulMessage.app; sourceTree = BUILT_PRODUCTS_DIR; };
		213DE9BC26946A5700A54262 /* SoulMessageApp.swift */ = {isa = PBXFileReference; lastKnownFileType = sourcecode.swift; path = SoulMessageApp.swift; sourceTree = "<group>"; };
		213DE9C026946A5800A54262 /* Assets.xcassets */ = {isa = PBXFileReference; lastKnownFileType = folder.assetcatalog; path = Assets.xcassets; sourceTree = "<group>"; };
		213DE9C326946A5800A54262 /* Preview Assets.xcassets */ = {isa = PBXFileReference; lastKnownFileType = folder.assetcatalog; path = "Preview Assets.xcassets"; sourceTree = "<group>"; };
		213DE9C526946A5800A54262 /* Info.plist */ = {isa = PBXFileReference; lastKnownFileType = text.plist.xml; path = Info.plist; sourceTree = "<group>"; };
		213DE9E726946E0600A54262 /* GoogleService-Info.plist */ = {isa = PBXFileReference; fileEncoding = 4; lastKnownFileType = text.plist.xml; path = "GoogleService-Info.plist"; sourceTree = "<group>"; };
		213DE9EF26946FDA00A54262 /* AuthenticationServices.swift */ = {isa = PBXFileReference; lastKnownFileType = sourcecode.swift; path = AuthenticationServices.swift; sourceTree = "<group>"; };
		213DE9F12694704100A54262 /* SignInView.swift */ = {isa = PBXFileReference; lastKnownFileType = sourcecode.swift; path = SignInView.swift; sourceTree = "<group>"; };
		213DE9F32694709D00A54262 /* ProfileView.swift */ = {isa = PBXFileReference; lastKnownFileType = sourcecode.swift; path = ProfileView.swift; sourceTree = "<group>"; };
		213DE9F52694AC9500A54262 /* GeoMessage.swift */ = {isa = PBXFileReference; lastKnownFileType = sourcecode.swift; path = GeoMessage.swift; sourceTree = "<group>"; };
		213DE9F72694AD4300A54262 /* RepositoryServices.swift */ = {isa = PBXFileReference; lastKnownFileType = sourcecode.swift; path = RepositoryServices.swift; sourceTree = "<group>"; };
		2152FB4726A57E8A0003C188 /* AuthenticationTests.swift */ = {isa = PBXFileReference; lastKnownFileType = sourcecode.swift; path = AuthenticationTests.swift; sourceTree = "<group>"; };
		2152FB4926A57F3C0003C188 /* AppState.swift */ = {isa = PBXFileReference; lastKnownFileType = sourcecode.swift; path = AppState.swift; sourceTree = "<group>"; };
		2152FB4B26A582010003C188 /* MockAuthenticationService.swift */ = {isa = PBXFileReference; lastKnownFileType = sourcecode.swift; path = MockAuthenticationService.swift; sourceTree = "<group>"; };
		21760DEF26A159FB00DFB4CF /* SignInViewController.swift */ = {isa = PBXFileReference; lastKnownFileType = sourcecode.swift; path = SignInViewController.swift; sourceTree = "<group>"; };
		21760DF426A16CAD00DFB4CF /* MapView.swift */ = {isa = PBXFileReference; lastKnownFileType = sourcecode.swift; path = MapView.swift; sourceTree = "<group>"; };
		21996CA8269613C50080AEEF /* GeoMessageRepository.swift */ = {isa = PBXFileReference; lastKnownFileType = sourcecode.swift; path = GeoMessageRepository.swift; sourceTree = "<group>"; };
		21996CAA269615E10080AEEF /* GeoMessageListViewModel.swift */ = {isa = PBXFileReference; lastKnownFileType = sourcecode.swift; path = GeoMessageListViewModel.swift; sourceTree = "<group>"; };
		21996CAC269617EF0080AEEF /* GeoMessageViewModel.swift */ = {isa = PBXFileReference; lastKnownFileType = sourcecode.swift; path = GeoMessageViewModel.swift; sourceTree = "<group>"; };
		21996CAE26961A890080AEEF /* GeoMessageView.swift */ = {isa = PBXFileReference; lastKnownFileType = sourcecode.swift; path = GeoMessageView.swift; sourceTree = "<group>"; };
		21996CB02696234E0080AEEF /* FormView.swift */ = {isa = PBXFileReference; lastKnownFileType = sourcecode.swift; path = FormView.swift; sourceTree = "<group>"; };
		21996CB2269626B60080AEEF /* GeoMessageListView.swift */ = {isa = PBXFileReference; lastKnownFileType = sourcecode.swift; path = GeoMessageListView.swift; sourceTree = "<group>"; };
		21C7C1D126A0751D0048A11F /* GoogleAuth.swift */ = {isa = PBXFileReference; lastKnownFileType = sourcecode.swift; path = GoogleAuth.swift; sourceTree = "<group>"; };
		21C7C1D526A0A64D0048A11F /* CustomTabView.swift */ = {isa = PBXFileReference; lastKnownFileType = sourcecode.swift; path = CustomTabView.swift; sourceTree = "<group>"; };
		21DF46B126A1E28600F9D98C /* SignOutViewController.swift */ = {isa = PBXFileReference; lastKnownFileType = sourcecode.swift; path = SignOutViewController.swift; sourceTree = "<group>"; };
		21E20DFC26970EBE00832118 /* LandingView.swift */ = {isa = PBXFileReference; lastKnownFileType = sourcecode.swift; path = LandingView.swift; sourceTree = "<group>"; };
		21E20E36269727E200832118 /* AuthPublisher.swift */ = {isa = PBXFileReference; lastKnownFileType = sourcecode.swift; path = AuthPublisher.swift; sourceTree = "<group>"; };
		21E20E392697576200832118 /* TabStyle.swift */ = {isa = PBXFileReference; lastKnownFileType = sourcecode.swift; path = TabStyle.swift; sourceTree = "<group>"; };
		21E20E3B2697605B00832118 /* MessageAreaCalculator.swift */ = {isa = PBXFileReference; lastKnownFileType = sourcecode.swift; path = MessageAreaCalculator.swift; sourceTree = "<group>"; };
		21E20E412697629900832118 /* SoulMessageTests.xctest */ = {isa = PBXFileReference; explicitFileType = wrapper.cfbundle; includeInIndex = 0; path = SoulMessageTests.xctest; sourceTree = BUILT_PRODUCTS_DIR; };
		21E20E432697629900832118 /* SoulMessageTests.swift */ = {isa = PBXFileReference; lastKnownFileType = sourcecode.swift; path = SoulMessageTests.swift; sourceTree = "<group>"; };
		21E20E452697629900832118 /* Info.plist */ = {isa = PBXFileReference; lastKnownFileType = text.plist.xml; path = Info.plist; sourceTree = "<group>"; };
/* End PBXFileReference section */

/* Begin PBXFrameworksBuildPhase section */
		213DE9B626946A5700A54262 /* Frameworks */ = {
			isa = PBXFrameworksBuildPhase;
			buildActionMask = 2147483647;
			files = (
				21760DF826A1761D00DFB4CF /* GoogleMapsBase in Frameworks */,
				21760DFC26A1761D00DFB4CF /* GoogleMapsM4B in Frameworks */,
				21C7C1C526A03BE10048A11F /* GoogleSignIn in Frameworks */,
				21760DFA26A1761D00DFB4CF /* GooglePlaces in Frameworks */,
				21760E0026A1761D00DFB4CF /* GoogleMaps in Frameworks */,
				21DF46B726A1F76B00F9D98C /* FirebaseFirestore in Frameworks */,
				21DF46B926A1F76B00F9D98C /* FirebaseFirestoreSwift-Beta in Frameworks */,
				21DF46B526A1F76B00F9D98C /* FirebaseAuth in Frameworks */,
				21760DFE26A1761D00DFB4CF /* GoogleMapsCore in Frameworks */,
			);
			runOnlyForDeploymentPostprocessing = 0;
		};
		21E20E3E2697629900832118 /* Frameworks */ = {
			isa = PBXFrameworksBuildPhase;
			buildActionMask = 2147483647;
			files = (
			);
			runOnlyForDeploymentPostprocessing = 0;
		};
/* End PBXFrameworksBuildPhase section */

/* Begin PBXGroup section */
		212432AE26A424FF004238E6 /* fonts */ = {
			isa = PBXGroup;
			children = (
				212432B126A42580004238E6 /* Roboto */,
			);
			path = fonts;
			sourceTree = "<group>";
		};
		212432AF26A4250C004238E6 /* Resources */ = {
			isa = PBXGroup;
			children = (
				212432AE26A424FF004238E6 /* fonts */,
			);
			path = Resources;
			sourceTree = "<group>";
		};
		212432B026A42511004238E6 /* Scripts */ = {
			isa = PBXGroup;
			children = (
				2152FB4926A57F3C0003C188 /* AppState.swift */,
				2145630E26984717001210F5 /* Utils */,
				21E20E382697573A00832118 /* UI */,
				213DE9F926959B4400A54262 /* Services */,
				21E20E35269727CB00832118 /* Publishers */,
				213DE9EC26946E3700A54262 /* Repositories */,
			);
			path = Scripts;
			sourceTree = "<group>";
		};
		212432B126A42580004238E6 /* Roboto */ = {
			isa = PBXGroup;
			children = (
				212432B226A42580004238E6 /* Roboto-Medium.ttf */,
				212432B326A42580004238E6 /* Roboto-Light.ttf */,
				212432B426A42580004238E6 /* Roboto-Regular.ttf */,
				212432B526A42580004238E6 /* Roboto-MediumItalic.ttf */,
				212432B626A42580004238E6 /* Roboto-ThinItalic.ttf */,
				212432B726A42580004238E6 /* Roboto-BoldItalic.ttf */,
				212432B826A42580004238E6 /* Roboto-LightItalic.ttf */,
				212432B926A42580004238E6 /* Roboto-Italic.ttf */,
				212432BA26A42580004238E6 /* LICENSE.txt */,
				212432BB26A42580004238E6 /* Roboto-BlackItalic.ttf */,
				212432BC26A42580004238E6 /* Roboto-Bold.ttf */,
				212432BD26A42580004238E6 /* Roboto-Thin.ttf */,
				212432BE26A42580004238E6 /* Roboto-Black.ttf */,
			);
			path = Roboto;
			sourceTree = "<group>";
		};
		213DE9B026946A5700A54262 = {
			isa = PBXGroup;
			children = (
				213DE9BB26946A5700A54262 /* SoulMessage */,
				21E20E422697629900832118 /* SoulMessageTests */,
				213DE9BA26946A5700A54262 /* Products */,
				6D7524E8E869FE70CE2BA913 /* Frameworks */,
			);
			sourceTree = "<group>";
		};
		213DE9BA26946A5700A54262 /* Products */ = {
			isa = PBXGroup;
			children = (
				213DE9B926946A5700A54262 /* SoulMessage.app */,
				21E20E412697629900832118 /* SoulMessageTests.xctest */,
			);
			name = Products;
			sourceTree = "<group>";
		};
		213DE9BB26946A5700A54262 /* SoulMessage */ = {
			isa = PBXGroup;
			children = (
				213DE9BC26946A5700A54262 /* SoulMessageApp.swift */,
				213DE9EB26946E3000A54262 /* Models */,
				213DE9EA26946E2800A54262 /* ViewModels */,
				213DE9E926946E1D00A54262 /* Views */,
				213DE9C526946A5800A54262 /* Info.plist */,
				213DE9E726946E0600A54262 /* GoogleService-Info.plist */,
				2145630B269828C9001210F5 /* Support Files */,
				213DE9C226946A5800A54262 /* Preview Content */,
			);
			path = SoulMessage;
			sourceTree = "<group>";
		};
		213DE9C226946A5800A54262 /* Preview Content */ = {
			isa = PBXGroup;
			children = (
				213DE9C326946A5800A54262 /* Preview Assets.xcassets */,
			);
			path = "Preview Content";
			sourceTree = "<group>";
		};
		213DE9E926946E1D00A54262 /* Views */ = {
			isa = PBXGroup;
			children = (
				21760DF326A16C8E00DFB4CF /* Map */,
				21760DF126A15C0200DFB4CF /* SignIn */,
				21DF46B026A1E22E00F9D98C /* SignOut */,
				21760DED26A1592E00DFB4CF /* Messaging */,
				213DE9F32694709D00A54262 /* ProfileView.swift */,
				21E20DFC26970EBE00832118 /* LandingView.swift */,
				21C7C1D526A0A64D0048A11F /* CustomTabView.swift */,
			);
			path = Views;
			sourceTree = "<group>";
		};
		213DE9EA26946E2800A54262 /* ViewModels */ = {
			isa = PBXGroup;
			children = (
				21996CAA269615E10080AEEF /* GeoMessageListViewModel.swift */,
				21996CAC269617EF0080AEEF /* GeoMessageViewModel.swift */,
			);
			path = ViewModels;
			sourceTree = "<group>";
		};
		213DE9EB26946E3000A54262 /* Models */ = {
			isa = PBXGroup;
			children = (
				213DE9F52694AC9500A54262 /* GeoMessage.swift */,
			);
			path = Models;
			sourceTree = "<group>";
		};
		213DE9EC26946E3700A54262 /* Repositories */ = {
			isa = PBXGroup;
			children = (
				21996CA8269613C50080AEEF /* GeoMessageRepository.swift */,
			);
			path = Repositories;
			sourceTree = "<group>";
		};
		213DE9F926959B4400A54262 /* Services */ = {
			isa = PBXGroup;
			children = (
				213DE9EF26946FDA00A54262 /* AuthenticationServices.swift */,
				213DE9F72694AD4300A54262 /* RepositoryServices.swift */,
				21C7C1D126A0751D0048A11F /* GoogleAuth.swift */,
			);
			path = Services;
			sourceTree = "<group>";
		};
		2145630B269828C9001210F5 /* Support Files */ = {
			isa = PBXGroup;
			children = (
				212432B026A42511004238E6 /* Scripts */,
				212432AF26A4250C004238E6 /* Resources */,
				213DE9C026946A5800A54262 /* Assets.xcassets */,
			);
			path = "Support Files";
			sourceTree = "<group>";
		};
		2145630E26984717001210F5 /* Utils */ = {
			isa = PBXGroup;
			children = (
				21E20E3B2697605B00832118 /* MessageAreaCalculator.swift */,
			);
			path = Utils;
			sourceTree = "<group>";
		};
		2152FB4E26A583B10003C188 /* Mocks */ = {
			isa = PBXGroup;
			children = (
				2152FB4B26A582010003C188 /* MockAuthenticationService.swift */,
			);
			path = Mocks;
			sourceTree = "<group>";
		};
		21760DED26A1592E00DFB4CF /* Messaging */ = {
			isa = PBXGroup;
			children = (
				21996CB2269626B60080AEEF /* GeoMessageListView.swift */,
				21996CB02696234E0080AEEF /* FormView.swift */,
				21996CAE26961A890080AEEF /* GeoMessageView.swift */,
			);
			path = Messaging;
			sourceTree = "<group>";
		};
		21760DF126A15C0200DFB4CF /* SignIn */ = {
			isa = PBXGroup;
			children = (
				21760DEF26A159FB00DFB4CF /* SignInViewController.swift */,
				213DE9F12694704100A54262 /* SignInView.swift */,
			);
			path = SignIn;
			sourceTree = "<group>";
		};
		21760DF326A16C8E00DFB4CF /* Map */ = {
			isa = PBXGroup;
			children = (
				21760DF426A16CAD00DFB4CF /* MapView.swift */,
			);
			path = Map;
			sourceTree = "<group>";
		};
		21DF46B026A1E22E00F9D98C /* SignOut */ = {
			isa = PBXGroup;
			children = (
				21DF46B126A1E28600F9D98C /* SignOutViewController.swift */,
			);
			path = SignOut;
			sourceTree = "<group>";
		};
		21E20E35269727CB00832118 /* Publishers */ = {
			isa = PBXGroup;
			children = (
				21E20E36269727E200832118 /* AuthPublisher.swift */,
			);
			path = Publishers;
			sourceTree = "<group>";
		};
		21E20E382697573A00832118 /* UI */ = {
			isa = PBXGroup;
			children = (
				21E20E392697576200832118 /* TabStyle.swift */,
			);
			path = UI;
			sourceTree = "<group>";
		};
		21E20E422697629900832118 /* SoulMessageTests */ = {
			isa = PBXGroup;
			children = (
				2152FB4E26A583B10003C188 /* Mocks */,
				2152FB4726A57E8A0003C188 /* AuthenticationTests.swift */,
				21E20E432697629900832118 /* SoulMessageTests.swift */,
				21E20E452697629900832118 /* Info.plist */,
			);
			path = SoulMessageTests;
			sourceTree = "<group>";
		};
		6D7524E8E869FE70CE2BA913 /* Frameworks */ = {
			isa = PBXGroup;
			children = (
			);
			name = Frameworks;
			sourceTree = "<group>";
		};
/* End PBXGroup section */

/* Begin PBXNativeTarget section */
		213DE9B826946A5700A54262 /* SoulMessage */ = {
			isa = PBXNativeTarget;
			buildConfigurationList = 213DE9DE26946A5900A54262 /* Build configuration list for PBXNativeTarget "SoulMessage" */;
			buildPhases = (
				213DE9B526946A5700A54262 /* Sources */,
				213DE9B626946A5700A54262 /* Frameworks */,
				213DE9B726946A5700A54262 /* Resources */,
			);
			buildRules = (
			);
			dependencies = (
			);
			name = SoulMessage;
			packageProductDependencies = (
				21C7C1C426A03BE10048A11F /* GoogleSignIn */,
				21760DF726A1761D00DFB4CF /* GoogleMapsBase */,
				21760DF926A1761D00DFB4CF /* GooglePlaces */,
				21760DFB26A1761D00DFB4CF /* GoogleMapsM4B */,
				21760DFD26A1761D00DFB4CF /* GoogleMapsCore */,
				21760DFF26A1761D00DFB4CF /* GoogleMaps */,
				21DF46B426A1F76B00F9D98C /* FirebaseAuth */,
				21DF46B626A1F76B00F9D98C /* FirebaseFirestore */,
				21DF46B826A1F76B00F9D98C /* FirebaseFirestoreSwift-Beta */,
			);
			productName = SoulMessage;
			productReference = 213DE9B926946A5700A54262 /* SoulMessage.app */;
			productType = "com.apple.product-type.application";
		};
		21E20E402697629900832118 /* SoulMessageTests */ = {
			isa = PBXNativeTarget;
			buildConfigurationList = 21E20E462697629900832118 /* Build configuration list for PBXNativeTarget "SoulMessageTests" */;
			buildPhases = (
				21E20E3D2697629900832118 /* Sources */,
				21E20E3E2697629900832118 /* Frameworks */,
				21E20E3F2697629900832118 /* Resources */,
			);
			buildRules = (
			);
			dependencies = (
				21D1C7C126A867F6001D9BDC /* PBXTargetDependency */,
			);
			name = SoulMessageTests;
			productName = SoulMessageTests;
			productReference = 21E20E412697629900832118 /* SoulMessageTests.xctest */;
			productType = "com.apple.product-type.bundle.unit-test";
		};
/* End PBXNativeTarget section */

/* Begin PBXProject section */
		213DE9B126946A5700A54262 /* Project object */ = {
			isa = PBXProject;
			attributes = {
				LastSwiftUpdateCheck = 1250;
				LastUpgradeCheck = 1250;
				TargetAttributes = {
					213DE9B826946A5700A54262 = {
						CreatedOnToolsVersion = 12.5.1;
					};
					21E20E402697629900832118 = {
						CreatedOnToolsVersion = 12.5.1;
					};
				};
			};
			buildConfigurationList = 213DE9B426946A5700A54262 /* Build configuration list for PBXProject "SoulMessage" */;
			compatibilityVersion = "Xcode 9.3";
			developmentRegion = en;
			hasScannedForEncodings = 0;
			knownRegions = (
				en,
				Base,
			);
			mainGroup = 213DE9B026946A5700A54262;
			packageReferences = (
				21C7C1C326A03BE00048A11F /* XCRemoteSwiftPackageReference "GoogleSignIn-iOS" */,
				21760DF626A1761D00DFB4CF /* XCRemoteSwiftPackageReference "GoogleMaps-SP" */,
				21DF46B326A1F76B00F9D98C /* XCRemoteSwiftPackageReference "firebase-ios-sdk" */,
			);
			productRefGroup = 213DE9BA26946A5700A54262 /* Products */;
			projectDirPath = "";
			projectRoot = "";
			targets = (
				213DE9B826946A5700A54262 /* SoulMessage */,
				21E20E402697629900832118 /* SoulMessageTests */,
			);
		};
/* End PBXProject section */

/* Begin PBXResourcesBuildPhase section */
		213DE9B726946A5700A54262 /* Resources */ = {
			isa = PBXResourcesBuildPhase;
			buildActionMask = 2147483647;
			files = (
				212432C926A42580004238E6 /* Roboto-Bold.ttf in Resources */,
				212432C726A42580004238E6 /* LICENSE.txt in Resources */,
				212432C426A42580004238E6 /* Roboto-BoldItalic.ttf in Resources */,
				212432C126A42580004238E6 /* Roboto-Regular.ttf in Resources */,
				212432C526A42580004238E6 /* Roboto-LightItalic.ttf in Resources */,
				212432BF26A42580004238E6 /* Roboto-Medium.ttf in Resources */,
				213DE9E826946E0600A54262 /* GoogleService-Info.plist in Resources */,
				212432C826A42580004238E6 /* Roboto-BlackItalic.ttf in Resources */,
				212432CA26A42580004238E6 /* Roboto-Thin.ttf in Resources */,
				212432C026A42580004238E6 /* Roboto-Light.ttf in Resources */,
				212432C326A42580004238E6 /* Roboto-ThinItalic.ttf in Resources */,
				212432CB26A42580004238E6 /* Roboto-Black.ttf in Resources */,
				212432C226A42580004238E6 /* Roboto-MediumItalic.ttf in Resources */,
				213DE9C426946A5800A54262 /* Preview Assets.xcassets in Resources */,
				212432C626A42580004238E6 /* Roboto-Italic.ttf in Resources */,
				213DE9C126946A5800A54262 /* Assets.xcassets in Resources */,
			);
			runOnlyForDeploymentPostprocessing = 0;
		};
		21E20E3F2697629900832118 /* Resources */ = {
			isa = PBXResourcesBuildPhase;
			buildActionMask = 2147483647;
			files = (
			);
			runOnlyForDeploymentPostprocessing = 0;
		};
/* End PBXResourcesBuildPhase section */

/* Begin PBXSourcesBuildPhase section */
		213DE9B526946A5700A54262 /* Sources */ = {
			isa = PBXSourcesBuildPhase;
			buildActionMask = 2147483647;
			files = (
				21E20E37269727E200832118 /* AuthPublisher.swift in Sources */,
				21996CB12696234E0080AEEF /* FormView.swift in Sources */,
				213DE9F026946FDA00A54262 /* AuthenticationServices.swift in Sources */,
				21996CAF26961A890080AEEF /* GeoMessageView.swift in Sources */,
				21E20DFD26970EBE00832118 /* LandingView.swift in Sources */,
				21760DF026A159FB00DFB4CF /* SignInViewController.swift in Sources */,
				21996CAB269615E10080AEEF /* GeoMessageListViewModel.swift in Sources */,
				21C7C1D626A0A64D0048A11F /* CustomTabView.swift in Sources */,
				21760DF526A16CAD00DFB4CF /* MapView.swift in Sources */,
				21996CAD269617EF0080AEEF /* GeoMessageViewModel.swift in Sources */,
				21C7C1D226A0751D0048A11F /* GoogleAuth.swift in Sources */,
				21996CB3269626B60080AEEF /* GeoMessageListView.swift in Sources */,
				213DE9F62694AC9500A54262 /* GeoMessage.swift in Sources */,
				21E20E3A2697576200832118 /* TabStyle.swift in Sources */,
				2152FB4A26A57F3C0003C188 /* AppState.swift in Sources */,
				213DE9F42694709D00A54262 /* ProfileView.swift in Sources */,
				21996CA9269613C50080AEEF /* GeoMessageRepository.swift in Sources */,
				213DE9F82694AD4300A54262 /* RepositoryServices.swift in Sources */,
				213DE9BD26946A5700A54262 /* SoulMessageApp.swift in Sources */,
				21E20E3C2697605B00832118 /* MessageAreaCalculator.swift in Sources */,
				21DF46B226A1E28600F9D98C /* SignOutViewController.swift in Sources */,
				213DE9F22694704100A54262 /* SignInView.swift in Sources */,
			);
			runOnlyForDeploymentPostprocessing = 0;
		};
		21E20E3D2697629900832118 /* Sources */ = {
			isa = PBXSourcesBuildPhase;
			buildActionMask = 2147483647;
			files = (
				2152FB4F26A583F20003C188 /* AppState.swift in Sources */,
				2152FB4D26A5825B0003C188 /* AuthenticationServices.swift in Sources */,
				2152FB4826A57E8A0003C188 /* AuthenticationTests.swift in Sources */,
				2152FB4C26A582010003C188 /* MockAuthenticationService.swift in Sources */,
				2145630C2698301E001210F5 /* MessageAreaCalculator.swift in Sources */,
				21E20E442697629900832118 /* SoulMessageTests.swift in Sources */,
			);
			runOnlyForDeploymentPostprocessing = 0;
		};
/* End PBXSourcesBuildPhase section */

/* Begin PBXTargetDependency section */
		21D1C7C126A867F6001D9BDC /* PBXTargetDependency */ = {
			isa = PBXTargetDependency;
			target = 213DE9B826946A5700A54262 /* SoulMessage */;
			targetProxy = 21D1C7C026A867F6001D9BDC /* PBXContainerItemProxy */;
		};
/* End PBXTargetDependency section */

/* Begin XCBuildConfiguration section */
		213DE9DC26946A5900A54262 /* Debug */ = {
			isa = XCBuildConfiguration;
			buildSettings = {
				ALWAYS_SEARCH_USER_PATHS = NO;
				ASSETCATALOG_COMPILER_OPTIMIZATION = time;
				CLANG_ANALYZER_NONNULL = YES;
				CLANG_ANALYZER_NUMBER_OBJECT_CONVERSION = YES_AGGRESSIVE;
				CLANG_CXX_LANGUAGE_STANDARD = "gnu++14";
				CLANG_CXX_LIBRARY = "libc++";
				CLANG_ENABLE_MODULES = YES;
				CLANG_ENABLE_OBJC_ARC = YES;
				CLANG_ENABLE_OBJC_WEAK = YES;
				CLANG_WARN_BLOCK_CAPTURE_AUTORELEASING = YES;
				CLANG_WARN_BOOL_CONVERSION = YES;
				CLANG_WARN_COMMA = YES;
				CLANG_WARN_CONSTANT_CONVERSION = YES;
				CLANG_WARN_DEPRECATED_OBJC_IMPLEMENTATIONS = YES;
				CLANG_WARN_DIRECT_OBJC_ISA_USAGE = YES_ERROR;
				CLANG_WARN_DOCUMENTATION_COMMENTS = YES;
				CLANG_WARN_EMPTY_BODY = YES;
				CLANG_WARN_ENUM_CONVERSION = YES;
				CLANG_WARN_INFINITE_RECURSION = YES;
				CLANG_WARN_INT_CONVERSION = YES;
				CLANG_WARN_NON_LITERAL_NULL_CONVERSION = YES;
				CLANG_WARN_OBJC_IMPLICIT_RETAIN_SELF = YES;
				CLANG_WARN_OBJC_LITERAL_CONVERSION = YES;
				CLANG_WARN_OBJC_ROOT_CLASS = YES_ERROR;
				CLANG_WARN_QUOTED_INCLUDE_IN_FRAMEWORK_HEADER = YES;
				CLANG_WARN_RANGE_LOOP_ANALYSIS = YES;
				CLANG_WARN_STRICT_PROTOTYPES = YES;
				CLANG_WARN_SUSPICIOUS_MOVE = YES;
				CLANG_WARN_UNGUARDED_AVAILABILITY = YES_AGGRESSIVE;
				CLANG_WARN_UNREACHABLE_CODE = YES;
				CLANG_WARN__DUPLICATE_METHOD_MATCH = YES;
				COPY_PHASE_STRIP = NO;
				DEBUG_INFORMATION_FORMAT = dwarf;
				ENABLE_STRICT_OBJC_MSGSEND = YES;
				ENABLE_TESTABILITY = YES;
				GCC_C_LANGUAGE_STANDARD = gnu11;
				GCC_DYNAMIC_NO_PIC = NO;
				GCC_NO_COMMON_BLOCKS = YES;
				GCC_OPTIMIZATION_LEVEL = s;
				GCC_PREPROCESSOR_DEFINITIONS = (
					"DEBUG=1",
					"$(inherited)",
				);
				GCC_WARN_64_TO_32_BIT_CONVERSION = YES;
				GCC_WARN_ABOUT_RETURN_TYPE = YES_ERROR;
				GCC_WARN_UNDECLARED_SELECTOR = YES;
				GCC_WARN_UNINITIALIZED_AUTOS = YES_AGGRESSIVE;
				GCC_WARN_UNUSED_FUNCTION = YES;
				GCC_WARN_UNUSED_VARIABLE = YES;
				IPHONEOS_DEPLOYMENT_TARGET = 14.5;
				MTL_ENABLE_DEBUG_INFO = INCLUDE_SOURCE;
				MTL_FAST_MATH = YES;
				ONLY_ACTIVE_ARCH = YES;
				SDKROOT = iphoneos;
				SWIFT_ACTIVE_COMPILATION_CONDITIONS = DEBUG;
				SWIFT_OPTIMIZATION_LEVEL = "-O";
			};
			name = Debug;
		};
		213DE9DD26946A5900A54262 /* Release */ = {
			isa = XCBuildConfiguration;
			buildSettings = {
				ALWAYS_SEARCH_USER_PATHS = NO;
				CLANG_ANALYZER_NONNULL = YES;
				CLANG_ANALYZER_NUMBER_OBJECT_CONVERSION = YES_AGGRESSIVE;
				CLANG_CXX_LANGUAGE_STANDARD = "gnu++14";
				CLANG_CXX_LIBRARY = "libc++";
				CLANG_ENABLE_MODULES = YES;
				CLANG_ENABLE_OBJC_ARC = YES;
				CLANG_ENABLE_OBJC_WEAK = YES;
				CLANG_WARN_BLOCK_CAPTURE_AUTORELEASING = YES;
				CLANG_WARN_BOOL_CONVERSION = YES;
				CLANG_WARN_COMMA = YES;
				CLANG_WARN_CONSTANT_CONVERSION = YES;
				CLANG_WARN_DEPRECATED_OBJC_IMPLEMENTATIONS = YES;
				CLANG_WARN_DIRECT_OBJC_ISA_USAGE = YES_ERROR;
				CLANG_WARN_DOCUMENTATION_COMMENTS = YES;
				CLANG_WARN_EMPTY_BODY = YES;
				CLANG_WARN_ENUM_CONVERSION = YES;
				CLANG_WARN_INFINITE_RECURSION = YES;
				CLANG_WARN_INT_CONVERSION = YES;
				CLANG_WARN_NON_LITERAL_NULL_CONVERSION = YES;
				CLANG_WARN_OBJC_IMPLICIT_RETAIN_SELF = YES;
				CLANG_WARN_OBJC_LITERAL_CONVERSION = YES;
				CLANG_WARN_OBJC_ROOT_CLASS = YES_ERROR;
				CLANG_WARN_QUOTED_INCLUDE_IN_FRAMEWORK_HEADER = YES;
				CLANG_WARN_RANGE_LOOP_ANALYSIS = YES;
				CLANG_WARN_STRICT_PROTOTYPES = YES;
				CLANG_WARN_SUSPICIOUS_MOVE = YES;
				CLANG_WARN_UNGUARDED_AVAILABILITY = YES_AGGRESSIVE;
				CLANG_WARN_UNREACHABLE_CODE = YES;
				CLANG_WARN__DUPLICATE_METHOD_MATCH = YES;
				COPY_PHASE_STRIP = NO;
				DEBUG_INFORMATION_FORMAT = "dwarf-with-dsym";
				ENABLE_NS_ASSERTIONS = NO;
				ENABLE_STRICT_OBJC_MSGSEND = YES;
				GCC_C_LANGUAGE_STANDARD = gnu11;
				GCC_NO_COMMON_BLOCKS = YES;
				GCC_WARN_64_TO_32_BIT_CONVERSION = YES;
				GCC_WARN_ABOUT_RETURN_TYPE = YES_ERROR;
				GCC_WARN_UNDECLARED_SELECTOR = YES;
				GCC_WARN_UNINITIALIZED_AUTOS = YES_AGGRESSIVE;
				GCC_WARN_UNUSED_FUNCTION = YES;
				GCC_WARN_UNUSED_VARIABLE = YES;
				IPHONEOS_DEPLOYMENT_TARGET = 14.5;
				MTL_ENABLE_DEBUG_INFO = NO;
				MTL_FAST_MATH = YES;
				SDKROOT = iphoneos;
				SWIFT_COMPILATION_MODE = wholemodule;
				SWIFT_OPTIMIZATION_LEVEL = "-O";
				VALIDATE_PRODUCT = YES;
			};
			name = Release;
		};
		213DE9DF26946A5900A54262 /* Debug */ = {
			isa = XCBuildConfiguration;
			buildSettings = {
				ASSETCATALOG_COMPILER_APPICON_NAME = AppIcon;
				ASSETCATALOG_COMPILER_GLOBAL_ACCENT_COLOR_NAME = AccentColor;
				ASSETCATALOG_COMPILER_OPTIMIZATION = "";
				CODE_SIGN_STYLE = Automatic;
				DEVELOPMENT_ASSET_PATHS = "\"SoulMessage/Preview Content\"";
				DEVELOPMENT_TEAM = X4RVCKBN8K;
				ENABLE_PREVIEWS = YES;
				GCC_OPTIMIZATION_LEVEL = 0;
				INFOPLIST_FILE = SoulMessage/Info.plist;
				IPHONEOS_DEPLOYMENT_TARGET = 14.0;
				LD_RUNPATH_SEARCH_PATHS = (
					"$(inherited)",
					"@executable_path/Frameworks",
				);
				PRODUCT_BUNDLE_IDENTIFIER = com.justFoxing.SoulMessage;
				PRODUCT_NAME = "$(TARGET_NAME)";
				SWIFT_OPTIMIZATION_LEVEL = "-Onone";
				SWIFT_VERSION = 5.0;
				TARGETED_DEVICE_FAMILY = "1,2";
			};
			name = Debug;
		};
		213DE9E026946A5900A54262 /* Release */ = {
			isa = XCBuildConfiguration;
			buildSettings = {
				ASSETCATALOG_COMPILER_APPICON_NAME = AppIcon;
				ASSETCATALOG_COMPILER_GLOBAL_ACCENT_COLOR_NAME = AccentColor;
				CODE_SIGN_STYLE = Automatic;
				DEVELOPMENT_ASSET_PATHS = "\"SoulMessage/Preview Content\"";
				DEVELOPMENT_TEAM = X4RVCKBN8K;
				ENABLE_PREVIEWS = YES;
				GCC_OPTIMIZATION_LEVEL = s;
				INFOPLIST_FILE = SoulMessage/Info.plist;
				IPHONEOS_DEPLOYMENT_TARGET = 14.0;
				LD_RUNPATH_SEARCH_PATHS = (
					"$(inherited)",
					"@executable_path/Frameworks",
				);
				PRODUCT_BUNDLE_IDENTIFIER = com.justFoxing.SoulMessage;
				PRODUCT_NAME = "$(TARGET_NAME)";
				SWIFT_OPTIMIZATION_LEVEL = "-Onone";
				SWIFT_VERSION = 5.0;
				TARGETED_DEVICE_FAMILY = "1,2";
			};
			name = Release;
		};
		21E20E472697629900832118 /* Debug */ = {
			isa = XCBuildConfiguration;
			buildSettings = {
				CODE_SIGN_STYLE = Automatic;
				DEVELOPMENT_TEAM = X4RVCKBN8K;
				INFOPLIST_FILE = SoulMessageTests/Info.plist;
				LD_RUNPATH_SEARCH_PATHS = (
					"$(inherited)",
					"@executable_path/Frameworks",
					"@loader_path/Frameworks",
				);
				PRODUCT_BUNDLE_IDENTIFIER = com.justFoxing.SoulMessageTests;
				PRODUCT_NAME = "$(TARGET_NAME)";
				SWIFT_VERSION = 5.0;
				TARGETED_DEVICE_FAMILY = "1,2";
			};
			name = Debug;
		};
		21E20E482697629900832118 /* Release */ = {
			isa = XCBuildConfiguration;
			buildSettings = {
				CODE_SIGN_STYLE = Automatic;
				DEVELOPMENT_TEAM = X4RVCKBN8K;
				INFOPLIST_FILE = SoulMessageTests/Info.plist;
				LD_RUNPATH_SEARCH_PATHS = (
					"$(inherited)",
					"@executable_path/Frameworks",
					"@loader_path/Frameworks",
				);
				PRODUCT_BUNDLE_IDENTIFIER = com.justFoxing.SoulMessageTests;
				PRODUCT_NAME = "$(TARGET_NAME)";
				SWIFT_VERSION = 5.0;
				TARGETED_DEVICE_FAMILY = "1,2";
			};
			name = Release;
		};
/* End XCBuildConfiguration section */

/* Begin XCConfigurationList section */
		213DE9B426946A5700A54262 /* Build configuration list for PBXProject "SoulMessage" */ = {
			isa = XCConfigurationList;
			buildConfigurations = (
				213DE9DC26946A5900A54262 /* Debug */,
				213DE9DD26946A5900A54262 /* Release */,
			);
			defaultConfigurationIsVisible = 0;
			defaultConfigurationName = Release;
		};
		213DE9DE26946A5900A54262 /* Build configuration list for PBXNativeTarget "SoulMessage" */ = {
			isa = XCConfigurationList;
			buildConfigurations = (
				213DE9DF26946A5900A54262 /* Debug */,
				213DE9E026946A5900A54262 /* Release */,
			);
			defaultConfigurationIsVisible = 0;
			defaultConfigurationName = Release;
		};
		21E20E462697629900832118 /* Build configuration list for PBXNativeTarget "SoulMessageTests" */ = {
			isa = XCConfigurationList;
			buildConfigurations = (
				21E20E472697629900832118 /* Debug */,
				21E20E482697629900832118 /* Release */,
			);
			defaultConfigurationIsVisible = 0;
			defaultConfigurationName = Release;
		};
/* End XCConfigurationList section */

/* Begin XCRemoteSwiftPackageReference section */
		21760DF626A1761D00DFB4CF /* XCRemoteSwiftPackageReference "GoogleMaps-SP" */ = {
			isa = XCRemoteSwiftPackageReference;
			repositoryURL = "https://github.com/YAtechnologies/GoogleMaps-SP.git";
			requirement = {
				kind = upToNextMajorVersion;
				minimumVersion = 5.0.0;
			};
		};
		21C7C1C326A03BE00048A11F /* XCRemoteSwiftPackageReference "GoogleSignIn-iOS" */ = {
			isa = XCRemoteSwiftPackageReference;
			repositoryURL = "https://github.com/google/GoogleSignIn-iOS";
			requirement = {
				kind = upToNextMajorVersion;
				minimumVersion = 6.0.0;
			};
		};
		21DF46B326A1F76B00F9D98C /* XCRemoteSwiftPackageReference "firebase-ios-sdk" */ = {
			isa = XCRemoteSwiftPackageReference;
			repositoryURL = "https://github.com/firebase/firebase-ios-sdk.git";
			requirement = {
				kind = upToNextMajorVersion;
				minimumVersion = 8.3.1;
			};
		};
/* End XCRemoteSwiftPackageReference section */

/* Begin XCSwiftPackageProductDependency section */
		21760DF726A1761D00DFB4CF /* GoogleMapsBase */ = {
			isa = XCSwiftPackageProductDependency;
			package = 21760DF626A1761D00DFB4CF /* XCRemoteSwiftPackageReference "GoogleMaps-SP" */;
			productName = GoogleMapsBase;
		};
		21760DF926A1761D00DFB4CF /* GooglePlaces */ = {
			isa = XCSwiftPackageProductDependency;
			package = 21760DF626A1761D00DFB4CF /* XCRemoteSwiftPackageReference "GoogleMaps-SP" */;
			productName = GooglePlaces;
		};
		21760DFB26A1761D00DFB4CF /* GoogleMapsM4B */ = {
			isa = XCSwiftPackageProductDependency;
			package = 21760DF626A1761D00DFB4CF /* XCRemoteSwiftPackageReference "GoogleMaps-SP" */;
			productName = GoogleMapsM4B;
		};
		21760DFD26A1761D00DFB4CF /* GoogleMapsCore */ = {
			isa = XCSwiftPackageProductDependency;
			package = 21760DF626A1761D00DFB4CF /* XCRemoteSwiftPackageReference "GoogleMaps-SP" */;
			productName = GoogleMapsCore;
		};
		21760DFF26A1761D00DFB4CF /* GoogleMaps */ = {
			isa = XCSwiftPackageProductDependency;
			package = 21760DF626A1761D00DFB4CF /* XCRemoteSwiftPackageReference "GoogleMaps-SP" */;
			productName = GoogleMaps;
		};
		21C7C1C426A03BE10048A11F /* GoogleSignIn */ = {
			isa = XCSwiftPackageProductDependency;
			package = 21C7C1C326A03BE00048A11F /* XCRemoteSwiftPackageReference "GoogleSignIn-iOS" */;
			productName = GoogleSignIn;
		};
		21DF46B426A1F76B00F9D98C /* FirebaseAuth */ = {
			isa = XCSwiftPackageProductDependency;
			package = 21DF46B326A1F76B00F9D98C /* XCRemoteSwiftPackageReference "firebase-ios-sdk" */;
			productName = FirebaseAuth;
		};
		21DF46B626A1F76B00F9D98C /* FirebaseFirestore */ = {
			isa = XCSwiftPackageProductDependency;
			package = 21DF46B326A1F76B00F9D98C /* XCRemoteSwiftPackageReference "firebase-ios-sdk" */;
			productName = FirebaseFirestore;
		};
		21DF46B826A1F76B00F9D98C /* FirebaseFirestoreSwift-Beta */ = {
			isa = XCSwiftPackageProductDependency;
			package = 21DF46B326A1F76B00F9D98C /* XCRemoteSwiftPackageReference "firebase-ios-sdk" */;
			productName = "FirebaseFirestoreSwift-Beta";
		};
/* End XCSwiftPackageProductDependency section */
	};
	rootObject = 213DE9B126946A5700A54262 /* Project object */;
}
